# Generated by pub
# See https://dart.dev/tools/pub/glossary#lockfile
packages:
  async:
    dependency: transitive
    description:
      name: async
      sha256: bfe67ef28df125b7dddcea62755991f807aa39a2492a23e1550161692950bbe0
      url: "https://pub.dev"
    source: hosted
    version: "2.10.0"
  audioplayers:
    dependency: "direct main"
    description:
      name: audioplayers
      sha256: "16451eab798b23ad9307aef6f9ca62bb8fb06542af8810eead0d236d3fd40a42"
      url: "https://pub.dev"
    source: hosted
    version: "3.0.1"
  audioplayers_android:
    dependency: transitive
    description:
      name: audioplayers_android
      sha256: b2c833e6f718b6b030454e329931229afafe9327fdb002874dd544dc8bf2484d
      url: "https://pub.dev"
    source: hosted
    version: "2.0.0"
  audioplayers_darwin:
    dependency: transitive
    description:
      name: audioplayers_darwin
      sha256: e7a3c8759bf11ecfe4b20df338bf9f3d37c7719a5761c46a3833aba0ceeaacff
      url: "https://pub.dev"
    source: hosted
    version: "3.0.1"
  audioplayers_linux:
    dependency: "direct main"
    description:
      name: audioplayers_linux
      sha256: e95b65e1f4d4764601dac5e65f8d8186fc29401043ab020f1dacec483d708707
      url: "https://pub.dev"
    source: hosted
    version: "1.0.4"
  audioplayers_platform_interface:
    dependency: transitive
    description:
      name: audioplayers_platform_interface
      sha256: "178581a44cb685fd798d2108111d2e98cca3400e30b9c3a05546f124fb37f600"
      url: "https://pub.dev"
    source: hosted
    version: "4.0.0"
  audioplayers_web:
    dependency: transitive
    description:
      name: audioplayers_web
      sha256: "859ba09be2a57e57a787273f18c8cf0d9b61383870c5ee4b5632fe9adbc37edf"
      url: "https://pub.dev"
    source: hosted
    version: "2.2.0"
  audioplayers_windows:
    dependency: transitive
    description:
      name: audioplayers_windows
      sha256: "622e01c4c357c2aaf1b956c3a0f89d97c3cb40315c03f16e3b6c2a31ff9c38bc"
      url: "https://pub.dev"
    source: hosted
    version: "1.1.3"
  boolean_selector:
    dependency: transitive
    description:
      name: boolean_selector
      sha256: "6cfb5af12253eaf2b368f07bacc5a80d1301a071c73360d746b7f2e32d762c66"
      url: "https://pub.dev"
    source: hosted
    version: "2.1.1"
  characters:
    dependency: transitive
    description:
      name: characters
      sha256: e6a326c8af69605aec75ed6c187d06b349707a27fbff8222ca9cc2cff167975c
      url: "https://pub.dev"
    source: hosted
    version: "1.2.1"
  clock:
    dependency: transitive
    description:
      name: clock
      sha256: cb6d7f03e1de671e34607e909a7213e31d7752be4fb66a86d29fe1eb14bfb5cf
      url: "https://pub.dev"
    source: hosted
    version: "1.1.1"
  collection:
    dependency: transitive
    description:
      name: collection
      sha256: cfc915e6923fe5ce6e153b0723c753045de46de1b4d63771530504004a45fae0
      url: "https://pub.dev"
    source: hosted
    version: "1.17.0"
  cross_file:
    dependency: transitive
    description:
      name: cross_file
      sha256: "0b0036e8cccbfbe0555fd83c1d31a6f30b77a96b598b35a5d36dd41f718695e9"
      url: "https://pub.dev"
    source: hosted
    version: "0.3.3+4"
  crypto:
    dependency: transitive
    description:
      name: crypto
      sha256: aa274aa7774f8964e4f4f38cc994db7b6158dd36e9187aaceaddc994b35c6c67
      url: "https://pub.dev"
    source: hosted
    version: "3.0.2"
  fake_async:
    dependency: transitive
    description:
      name: fake_async
      sha256: "511392330127add0b769b75a987850d136345d9227c6b94c96a04cf4a391bf78"
      url: "https://pub.dev"
    source: hosted
    version: "1.3.1"
  ffi:
    dependency: transitive
    description:
      name: ffi
      sha256: a38574032c5f1dd06c4aee541789906c12ccaab8ba01446e800d9c5b79c4a978
      url: "https://pub.dev"
    source: hosted
    version: "2.0.1"
  file:
    dependency: transitive
    description:
      name: file
      sha256: "1b92bec4fc2a72f59a8e15af5f52cd441e4a7860b49499d69dfa817af20e925d"
      url: "https://pub.dev"
    source: hosted
    version: "6.1.4"
  file_selector:
    dependency: "direct main"
    description:
      name: file_selector
      sha256: "3e7f5a2e97262989862ebe10d5d20076978c1ca3febfedff30d9d1d35e29ea55"
      url: "https://pub.dev"
    source: hosted
    version: "0.9.2+3"
  file_selector_ios:
    dependency: transitive
    description:
      name: file_selector_ios
      sha256: "2a107ed6abe4f9e93cb3c45c7ceeaeb791ed17ef7518030cb13a766a61483532"
      url: "https://pub.dev"
    source: hosted
    version: "0.5.0+3"
  file_selector_linux:
    dependency: "direct main"
    description:
      name: file_selector_linux
      sha256: "3b998328a9531e3de5e55fcf0a5db6945d3d942049d637ac879460c972f4e10a"
      url: "https://pub.dev"
    source: hosted
    version: "0.9.1+1"
  file_selector_macos:
    dependency: transitive
    description:
      name: file_selector_macos
      sha256: "9fc34f918045299714bc616eb961dfb7fd499e45675a97376a0b01cfa4f60f20"
      url: "https://pub.dev"
    source: hosted
    version: "0.9.0+5"
  file_selector_platform_interface:
    dependency: transitive
    description:
      name: file_selector_platform_interface
      sha256: "98b3f98effcc135bd951b34b575886620ce208d3ff60e3b61cbaea9e2e00f54b"
      url: "https://pub.dev"
    source: hosted
    version: "2.4.1"
  file_selector_web:
    dependency: transitive
    description:
      name: file_selector_web
      sha256: "1038cf12fc355cf83cf9aa51a707c9acbc871caf8d9cdb0504638cafd6163426"
      url: "https://pub.dev"
    source: hosted
    version: "0.9.0+3"
  file_selector_windows:
    dependency: transitive
    description:
      name: file_selector_windows
      sha256: "466288883103abc67178266edaa0d2ac5e4a11b744a5bde6e18010c47570f75e"
      url: "https://pub.dev"
    source: hosted
    version: "0.9.1+5"
  flutter:
    dependency: "direct main"
    description: flutter
    source: sdk
    version: "0.0.0"
  flutter_lints:
    dependency: "direct dev"
    description:
      name: flutter_lints
      sha256: aeb0b80a8b3709709c9cc496cdc027c5b3216796bc0af0ce1007eaf24464fd4c
      url: "https://pub.dev"
    source: hosted
    version: "2.0.1"
  flutter_localizations:
    dependency: "direct main"
    description: flutter
    source: sdk
    version: "0.0.0"
  flutter_media_metadata:
    dependency: "direct main"
    description:
      name: flutter_media_metadata
      sha256: "69cfc76ffd6cd5d546dcc4880584b3844c5e879e435aa54f57f1096c15bd04db"
      url: "https://pub.dev"
    source: hosted
    version: "1.0.0+1"
  flutter_test:
    dependency: "direct dev"
    description: flutter
    source: sdk
    version: "0.0.0"
  flutter_web_plugins:
    dependency: transitive
    description: flutter
    source: sdk
    version: "0.0.0"
  gtk:
    dependency: transitive
    description:
      name: gtk
      sha256: "517560d6ec625c114cbdcde9223e5ee6418d30860377347ee1b0513399e7a3f5"
      url: "https://pub.dev"
    source: hosted
    version: "2.0.0"
  handy_window:
    dependency: "direct main"
    description:
      name: handy_window
      sha256: "458a9f7d4ae23816e8f33c76596f943a04e7eff13d864e0867f3b40f1647d63d"
      url: "https://pub.dev"
    source: hosted
    version: "0.3.1"
  http:
    dependency: "direct main"
    description:
      name: http
      sha256: "6aa2946395183537c8b880962d935877325d6a09a2867c3970c05c0fed6ac482"
      url: "https://pub.dev"
    source: hosted
    version: "0.13.5"
  http_parser:
    dependency: transitive
    description:
      name: http_parser
      sha256: "2aa08ce0341cc9b354a498388e30986515406668dbcc4f7c950c3e715496693b"
      url: "https://pub.dev"
    source: hosted
    version: "4.0.2"
  intl:
    dependency: "direct main"
    description:
      name: intl
      sha256: "910f85bce16fb5c6f614e117efa303e85a1731bb0081edf3604a2ae6e9a3cc91"
      url: "https://pub.dev"
    source: hosted
    version: "0.17.0"
  js:
    dependency: transitive
    description:
      name: js
      sha256: "5528c2f391ededb7775ec1daa69e65a2d61276f7552de2b5f7b8d34ee9fd4ab7"
      url: "https://pub.dev"
    source: hosted
    version: "0.6.5"
  lints:
    dependency: transitive
    description:
      name: lints
      sha256: "5e4a9cd06d447758280a8ac2405101e0e2094d2a1dbdd3756aec3fe7775ba593"
      url: "https://pub.dev"
    source: hosted
    version: "2.0.1"
  matcher:
    dependency: transitive
    description:
      name: matcher
      sha256: "16db949ceee371e9b99d22f88fa3a73c4e59fd0afed0bd25fc336eb76c198b72"
      url: "https://pub.dev"
    source: hosted
    version: "0.12.13"
  material_color_utilities:
    dependency: transitive
    description:
      name: material_color_utilities
      sha256: d92141dc6fe1dad30722f9aa826c7fbc896d021d792f80678280601aff8cf724
      url: "https://pub.dev"
    source: hosted
    version: "0.2.0"
  meta:
    dependency: transitive
    description:
      name: meta
      sha256: "6c268b42ed578a53088d834796959e4a1814b5e9e164f147f580a386e5decf42"
      url: "https://pub.dev"
    source: hosted
    version: "1.8.0"
  nested:
    dependency: transitive
    description:
      name: nested
      sha256: "03bac4c528c64c95c722ec99280375a6f2fc708eec17c7b3f07253b626cd2a20"
      url: "https://pub.dev"
    source: hosted
    version: "1.0.0"
  path:
    dependency: transitive
    description:
      name: path
      sha256: db9d4f58c908a4ba5953fcee2ae317c94889433e5024c27ce74a37f94267945b
      url: "https://pub.dev"
    source: hosted
    version: "1.8.2"
  path_provider:
    dependency: transitive
    description:
      name: path_provider
      sha256: "04890b994ee89bfa80bf3080bfec40d5a92c5c7a785ebb02c13084a099d2b6f9"
      url: "https://pub.dev"
    source: hosted
    version: "2.0.13"
  path_provider_android:
    dependency: transitive
    description:
      name: path_provider_android
      sha256: "7623b7d4be0f0f7d9a8b5ee6879fc13e4522d4c875ab86801dee4af32b54b83e"
      url: "https://pub.dev"
    source: hosted
    version: "2.0.23"
  path_provider_foundation:
    dependency: transitive
    description:
      name: path_provider_foundation
      sha256: eec003594f19fe2456ea965ae36b3fc967bc5005f508890aafe31fa75e41d972
      url: "https://pub.dev"
    source: hosted
    version: "2.1.2"
  path_provider_linux:
    dependency: transitive
    description:
      name: path_provider_linux
      sha256: "525ad5e07622d19447ad740b1ed5070031f7a5437f44355ae915ff56e986429a"
      url: "https://pub.dev"
    source: hosted
    version: "2.1.9"
  path_provider_platform_interface:
    dependency: transitive
    description:
      name: path_provider_platform_interface
      sha256: "57585299a729335f1298b43245842678cb9f43a6310351b18fb577d6e33165ec"
      url: "https://pub.dev"
    source: hosted
    version: "2.0.6"
  path_provider_windows:
    dependency: transitive
    description:
      name: path_provider_windows
      sha256: "642ddf65fde5404f83267e8459ddb4556316d3ee6d511ed193357e25caa3632d"
      url: "https://pub.dev"
    source: hosted
    version: "2.1.4"
  platform:
    dependency: transitive
    description:
      name: platform
      sha256: "4a451831508d7d6ca779f7ac6e212b4023dd5a7d08a27a63da33756410e32b76"
      url: "https://pub.dev"
    source: hosted
    version: "3.1.0"
  plugin_platform_interface:
    dependency: transitive
    description:
      name: plugin_platform_interface
      sha256: "6a2128648c854906c53fa8e33986fc0247a1116122f9534dd20e3ab9e16a32bc"
      url: "https://pub.dev"
    source: hosted
    version: "2.1.4"
  process:
    dependency: transitive
    description:
      name: process
      sha256: "53fd8db9cec1d37b0574e12f07520d582019cb6c44abf5479a01505099a34a09"
      url: "https://pub.dev"
    source: hosted
    version: "4.2.4"
  provider:
    dependency: "direct main"
    description:
      name: provider
      sha256: cdbe7530b12ecd9eb455bdaa2fcb8d4dad22e80b8afb4798b41479d5ce26847f
      url: "https://pub.dev"
    source: hosted
    version: "6.0.5"
  safe_change_notifier:
    dependency: "direct main"
    description:
      name: safe_change_notifier
      sha256: e69034655ea33aa7dce3c5bb33cf12fc7c07a0ce7d59b7291fd030b70d059570
      url: "https://pub.dev"
    source: hosted
    version: "0.2.0"
  screen_retriever:
    dependency: transitive
    description:
      name: screen_retriever
      sha256: "4931f226ca158123ccd765325e9fbf360bfed0af9b460a10f960f9bb13d58323"
      url: "https://pub.dev"
    source: hosted
    version: "0.1.6"
  sky_engine:
    dependency: transitive
    description: flutter
    source: sdk
    version: "0.0.99"
  source_span:
    dependency: transitive
    description:
      name: source_span
      sha256: dd904f795d4b4f3b870833847c461801f6750a9fa8e61ea5ac53f9422b31f250
      url: "https://pub.dev"
    source: hosted
    version: "1.9.1"
  stack_trace:
    dependency: transitive
    description:
      name: stack_trace
      sha256: c3c7d8edb15bee7f0f74debd4b9c5f3c2ea86766fe4178eb2a18eb30a0bdaed5
      url: "https://pub.dev"
    source: hosted
    version: "1.11.0"
  stream_channel:
    dependency: transitive
    description:
      name: stream_channel
      sha256: "83615bee9045c1d322bbbd1ba209b7a749c2cbcdcb3fdd1df8eb488b3279c1c8"
      url: "https://pub.dev"
    source: hosted
    version: "2.1.1"
  string_scanner:
    dependency: transitive
    description:
      name: string_scanner
      sha256: "556692adab6cfa87322a115640c11f13cb77b3f076ddcc5d6ae3c20242bedcde"
      url: "https://pub.dev"
    source: hosted
    version: "1.2.0"
  term_glyph:
    dependency: transitive
    description:
      name: term_glyph
      sha256: a29248a84fbb7c79282b40b8c72a1209db169a2e0542bce341da992fe1bc7e84
      url: "https://pub.dev"
    source: hosted
    version: "1.2.1"
  test_api:
    dependency: transitive
    description:
      name: test_api
      sha256: ad540f65f92caa91bf21dfc8ffb8c589d6e4dc0c2267818b4cc2792857706206
      url: "https://pub.dev"
    source: hosted
    version: "0.4.16"
  typed_data:
    dependency: transitive
    description:
      name: typed_data
      sha256: "26f87ade979c47a150c9eaab93ccd2bebe70a27dc0b4b29517f2904f04eb11a5"
      url: "https://pub.dev"
    source: hosted
    version: "1.3.1"
  uuid:
    dependency: transitive
    description:
      name: uuid
      sha256: "648e103079f7c64a36dc7d39369cabb358d377078a051d6ae2ad3aa539519313"
      url: "https://pub.dev"
    source: hosted
    version: "3.0.7"
  vector_math:
    dependency: transitive
    description:
      name: vector_math
      sha256: "80b3257d1492ce4d091729e3a67a60407d227c27241d6927be0130c98e741803"
      url: "https://pub.dev"
    source: hosted
    version: "2.1.4"
  win32:
    dependency: transitive
    description:
      name: win32
      sha256: c9ebe7ee4ab0c2194e65d3a07d8c54c5d00bb001b76081c4a04cdb8448b59e46
      url: "https://pub.dev"
    source: hosted
    version: "3.1.3"
  window_manager:
    dependency: transitive
    description:
      name: window_manager
      sha256: "5bdd29dc5f1f3185fc90696373a571d77968e03e5e820fb1ecdbdade3f5d8fff"
      url: "https://pub.dev"
    source: hosted
    version: "0.3.0"
  xdg_directories:
    dependency: transitive
    description:
      name: xdg_directories
      sha256: ee1505df1426458f7f60aac270645098d318a8b4766d85fde75f76f2e21807d1
      url: "https://pub.dev"
    source: hosted
    version: "1.0.0"
  yaru:
    dependency: "direct main"
    description:
      name: yaru
      sha256: "2c68c31e8bdc6437e8eab9aa6d8e59944b3d51034a237e87dbdfaa15f2647f1a"
      url: "https://pub.dev"
    source: hosted
    version: "0.5.5"
  yaru_color_generator:
    dependency: transitive
    description:
      name: yaru_color_generator
      sha256: "78b96cefc4eef763e4786f891ce336cdd55ef8edc55494c4bea2bc9d10ef9c96"
      url: "https://pub.dev"
    source: hosted
    version: "0.1.0"
  yaru_colors:
    dependency: transitive
    description:
      name: yaru_colors
      sha256: "36c49111b812a00eccab265b613882b7d04f5af486c7163ef2da2344405b841f"
      url: "https://pub.dev"
    source: hosted
    version: "0.1.6"
  yaru_icons:
    dependency: "direct main"
    description:
      name: yaru_icons
      sha256: e061eac45c2a3c16df03dd8cd408d80232db5734991f7db72f9cfd3458a58be3
      url: "https://pub.dev"
    source: hosted
    version: "1.0.3"
  yaru_widgets:
    dependency: "direct main"
    description:
      name: yaru_widgets
      sha256: "4b5d187964bd589ca9fceda336230806e922b42515477abcea8befe1d10553d6"
      url: "https://pub.dev"
    source: hosted
    version: "2.1.1"
  yaru_window:
    dependency: transitive
    description:
      name: yaru_window
      sha256: "18b3df2922a068e5480048335e2585c134e29ac77baec19b26fa32851910bf2f"
      url: "https://pub.dev"
    source: hosted
    version: "0.1.1"
  yaru_window_linux:
    dependency: transitive
    description:
      name: yaru_window_linux
      sha256: "356903ebcb70c34f732dbb66ac8b504adb8e92289cdd89da86bed8957f43de38"
      url: "https://pub.dev"
    source: hosted
    version: "0.1.1"
  yaru_window_manager:
    dependency: transitive
    description:
      name: yaru_window_manager
      sha256: a5ea9db86cbca6306fdf139245fcd84f0df1fed0aead3450d34a9fe7be4d3020
      url: "https://pub.dev"
    source: hosted
    version: "0.1.0"
  yaru_window_platform_interface:
    dependency: transitive
    description:
      name: yaru_window_platform_interface
      sha256: "1a0256fc59cc46ad05de5840f01d548184ff900698c19dc24e6326c7911b0177"
      url: "https://pub.dev"
    source: hosted
    version: "0.1.0"
  yaru_window_web:
    dependency: transitive
    description:
      name: yaru_window_web
      sha256: "77dacaaade6c2b5f94cf45b80f60c69876d62db02490e50dd025ce297cfc09ed"
      url: "https://pub.dev"
    source: hosted
    version: "0.0.2"
sdks:
  dart: ">=2.19.0 <4.0.0"
  flutter: ">=3.7.0"
